lockfileVersion: '6.0'

importers:

  .: {}

  app:
    dependencies:
      packageA:
        specifier: workspace:*
        version: link:../packages/packageA
    devDependencies:
      typescript:
        specifier: ^5.1.3
        version: 5.1.3

  packages/packageA:
    dependencies:
      packageB:
        specifier: workspace:*
        version: link:../packageB
    devDependencies:
      typescript:
        specifier: ^5.1.3
        version: 5.1.3

  packages/packageB:
    devDependencies:
      typescript:
        specifier: ^5.1.3
        version: 5.1.3

packages:

  /typescript@5.1.3:
    resolution: {integrity: sha512-XH627E9vkeqhlZFQuL+UsyAXEnibT0kWR2FWONlr4sTjvxyJYnyefgrkyECLzM5NenmKzRAy2rR/OlYLA1HkZw==}
    engines: {node: '>=14.17'}
    hasBin: true
    dev: true
